
Microsoft Visual Studio Solution File, Format Version 12.00
# Visual Studio Version 16
VisualStudioVersion = 16.0.29215.179
MinimumVisualStudioVersion = 10.0.40219.1
Project("{FAE04EC0-301F-11D3-BF4B-00C04F79EFBC}") = "CrespoFranciscoUTNProg3Tp1", "CrespoFranciscoUTNProg3Tp1\CrespoFranciscoUTNProg3Tp1.csproj", "{8570F82C-FF80-4599-AEC4-DD026DB4CE09}"
EndProject
Global
	GlobalSection(SolutionConfigurationPlatforms) = preSolution
		Debug|Any CPU = Debug|Any CPU
		Release|Any CPU = Release|Any CPU
	EndGlobalSection
	GlobalSection(ProjectConfigurationPlatforms) = postSolution
		{8570F82C-FF80-4599-AEC4-DD026DB4CE09}.Debug|Any CPU.ActiveCfg = Debug|Any CPU
		{8570F82C-FF80-4599-AEC4-DD026DB4CE09}.Debug|Any CPU.Build.0 = Debug|Any CPU
		{8570F82C-FF80-4599-AEC4-DD026DB4CE09}.Release|Any CPU.ActiveCfg = Release|Any CPU
		{8570F82C-FF80-4599-AEC4-DD026DB4CE09}.Release|Any CPU.Build.0 = Release|Any CPU
	EndGlobalSection
	GlobalSection(SolutionProperties) = preSolution
		HideSolutionNode = FALSE
	EndGlobalSection
	GlobalSection(ExtensibilityGlobals) = postSolution
		SolutionGuid = {F46D682B-4E73-4668-A057-4A51879A59F2}
	EndGlobalSection
EndGlobal
